// !$*UTF8*$!
{
	archiveVersion = 1;
	classes = {
	};
	objectVersion = 55;
	objects = {

/* Begin PBXBuildFile section */
		733414BC285E85CA006E7D0B /* BackgroundAndOverlayBootcamp-9.swift in Sources */ = {isa = PBXBuildFile; fileRef = 733414BB285E85CA006E7D0B /* BackgroundAndOverlayBootcamp-9.swift */; };
		733414BE285F98A0006E7D0B /* StacksBootcamp-10.swift in Sources */ = {isa = PBXBuildFile; fileRef = 733414BD285F98A0006E7D0B /* StacksBootcamp-10.swift */; };
		733414C028636787006E7D0B /* PaddingAndSpacerBootcamp-11.swift in Sources */ = {isa = PBXBuildFile; fileRef = 733414BF28636786006E7D0B /* PaddingAndSpacerBootcamp-11.swift */; };
		736F60D22952BB2B00E94D06 /* InitializerBootcamp-13.swift in Sources */ = {isa = PBXBuildFile; fileRef = 736F60D12952BB2B00E94D06 /* InitializerBootcamp-13.swift */; };
		736F60D4295643A300E94D06 /* ForEachBootcamp-14.swift in Sources */ = {isa = PBXBuildFile; fileRef = 736F60D3295643A300E94D06 /* ForEachBootcamp-14.swift */; };
		736F60D629564B1C00E94D06 /* GridBootcamp-16.swift in Sources */ = {isa = PBXBuildFile; fileRef = 736F60D529564B1C00E94D06 /* GridBootcamp-16.swift */; };
		73786031284FB84600367015 /* BootcampSwiftUIApp.swift in Sources */ = {isa = PBXBuildFile; fileRef = 73786030284FB84600367015 /* BootcampSwiftUIApp.swift */; };
		73786033284FB84600367015 /* ContentView.swift in Sources */ = {isa = PBXBuildFile; fileRef = 73786032284FB84600367015 /* ContentView.swift */; };
		73786035284FB84800367015 /* Assets.xcassets in Resources */ = {isa = PBXBuildFile; fileRef = 73786034284FB84800367015 /* Assets.xcassets */; };
		73786038284FB84800367015 /* Preview Assets.xcassets in Resources */ = {isa = PBXBuildFile; fileRef = 73786037284FB84800367015 /* Preview Assets.xcassets */; };
		73786042284FB84800367015 /* BootcampSwiftUiITests.swift in Sources */ = {isa = PBXBuildFile; fileRef = 73786041284FB84800367015 /* BootcampSwiftUiITests.swift */; };
		7378604C284FB84800367015 /* BootcampSwiftUiIUITests.swift in Sources */ = {isa = PBXBuildFile; fileRef = 7378604B284FB84800367015 /* BootcampSwiftUiIUITests.swift */; };
		7378604E284FB84800367015 /* BootcampSwiftUiIUITestsLaunchTests.swift in Sources */ = {isa = PBXBuildFile; fileRef = 7378604D284FB84800367015 /* BootcampSwiftUiIUITestsLaunchTests.swift */; };
		7378605B284FB9FA00367015 /* TextBootcamp-2.swift in Sources */ = {isa = PBXBuildFile; fileRef = 7378605A284FB9FA00367015 /* TextBootcamp-2.swift */; };
		7378605D284FBD0800367015 /* ShapesBootcamp-3.swift in Sources */ = {isa = PBXBuildFile; fileRef = 7378605C284FBD0800367015 /* ShapesBootcamp-3.swift */; };
		7378605F284FC1A500367015 /* ColorsBootcamp-4.swift in Sources */ = {isa = PBXBuildFile; fileRef = 7378605E284FC1A500367015 /* ColorsBootcamp-4.swift */; };
		73786061284FC21400367015 /* GradientsBootcamp-5.swift in Sources */ = {isa = PBXBuildFile; fileRef = 73786060284FC21300367015 /* GradientsBootcamp-5.swift */; };
		73786063284FCBDC00367015 /* IconsBootcamp-6.swift in Sources */ = {isa = PBXBuildFile; fileRef = 73786062284FCBDC00367015 /* IconsBootcamp-6.swift */; };
		73786065284FD00800367015 /* ImageBootcamp-7.swift in Sources */ = {isa = PBXBuildFile; fileRef = 73786064284FD00800367015 /* ImageBootcamp-7.swift */; };
		7378606728518CBF00367015 /* FrameBootcamp-8.swift in Sources */ = {isa = PBXBuildFile; fileRef = 7378606628518CBF00367015 /* FrameBootcamp-8.swift */; };
		73AE7ADC2867388600FCEE36 /* ScrollViewBootcamp-15.swift in Sources */ = {isa = PBXBuildFile; fileRef = 73AE7ADB2867388600FCEE36 /* ScrollViewBootcamp-15.swift */; };
		73AE7AE128674E4400FCEE36 /* SpacerBootcamp-12.swift in Sources */ = {isa = PBXBuildFile; fileRef = 73AE7AE028674E4400FCEE36 /* SpacerBootcamp-12.swift */; };
/* End PBXBuildFile section */

/* Begin PBXContainerItemProxy section */
		7378603E284FB84800367015 /* PBXContainerItemProxy */ = {
			isa = PBXContainerItemProxy;
			containerPortal = 73786025284FB84600367015 /* Project object */;
			proxyType = 1;
			remoteGlobalIDString = 7378602C284FB84600367015;
			remoteInfo = BootcampSwiftUiI;
		};
		73786048284FB84800367015 /* PBXContainerItemProxy */ = {
			isa = PBXContainerItemProxy;
			containerPortal = 73786025284FB84600367015 /* Project object */;
			proxyType = 1;
			remoteGlobalIDString = 7378602C284FB84600367015;
			remoteInfo = BootcampSwiftUiI;
		};
/* End PBXContainerItemProxy section */

/* Begin PBXFileReference section */
		733414BB285E85CA006E7D0B /* BackgroundAndOverlayBootcamp-9.swift */ = {isa = PBXFileReference; lastKnownFileType = sourcecode.swift; path = "BackgroundAndOverlayBootcamp-9.swift"; sourceTree = "<group>"; };
		733414BD285F98A0006E7D0B /* StacksBootcamp-10.swift */ = {isa = PBXFileReference; lastKnownFileType = sourcecode.swift; path = "StacksBootcamp-10.swift"; sourceTree = "<group>"; };
		733414BF28636786006E7D0B /* PaddingAndSpacerBootcamp-11.swift */ = {isa = PBXFileReference; lastKnownFileType = sourcecode.swift; path = "PaddingAndSpacerBootcamp-11.swift"; sourceTree = "<group>"; };
		736F60D12952BB2B00E94D06 /* InitializerBootcamp-13.swift */ = {isa = PBXFileReference; lastKnownFileType = sourcecode.swift; path = "InitializerBootcamp-13.swift"; sourceTree = "<group>"; };
		736F60D3295643A300E94D06 /* ForEachBootcamp-14.swift */ = {isa = PBXFileReference; lastKnownFileType = sourcecode.swift; path = "ForEachBootcamp-14.swift"; sourceTree = "<group>"; };
		736F60D529564B1C00E94D06 /* GridBootcamp-16.swift */ = {isa = PBXFileReference; lastKnownFileType = sourcecode.swift; path = "GridBootcamp-16.swift"; sourceTree = "<group>"; };
		7378602D284FB84600367015 /* BootcampSwiftUI.app */ = {isa = PBXFileReference; explicitFileType = wrapper.application; includeInIndex = 0; path = BootcampSwiftUI.app; sourceTree = BUILT_PRODUCTS_DIR; };
		73786030284FB84600367015 /* BootcampSwiftUIApp.swift */ = {isa = PBXFileReference; lastKnownFileType = sourcecode.swift; path = BootcampSwiftUIApp.swift; sourceTree = "<group>"; };
		73786032284FB84600367015 /* ContentView.swift */ = {isa = PBXFileReference; lastKnownFileType = sourcecode.swift; path = ContentView.swift; sourceTree = "<group>"; };
		73786034284FB84800367015 /* Assets.xcassets */ = {isa = PBXFileReference; lastKnownFileType = folder.assetcatalog; path = Assets.xcassets; sourceTree = "<group>"; };
		73786037284FB84800367015 /* Preview Assets.xcassets */ = {isa = PBXFileReference; lastKnownFileType = folder.assetcatalog; path = "Preview Assets.xcassets"; sourceTree = "<group>"; };
		7378603D284FB84800367015 /* BootcampSwiftUITests.xctest */ = {isa = PBXFileReference; explicitFileType = wrapper.cfbundle; includeInIndex = 0; path = BootcampSwiftUITests.xctest; sourceTree = BUILT_PRODUCTS_DIR; };
		73786041284FB84800367015 /* BootcampSwiftUiITests.swift */ = {isa = PBXFileReference; lastKnownFileType = sourcecode.swift; path = BootcampSwiftUiITests.swift; sourceTree = "<group>"; };
		73786047284FB84800367015 /* BootcampSwiftUIUITests.xctest */ = {isa = PBXFileReference; explicitFileType = wrapper.cfbundle; includeInIndex = 0; path = BootcampSwiftUIUITests.xctest; sourceTree = BUILT_PRODUCTS_DIR; };
		7378604B284FB84800367015 /* BootcampSwiftUiIUITests.swift */ = {isa = PBXFileReference; lastKnownFileType = sourcecode.swift; path = BootcampSwiftUiIUITests.swift; sourceTree = "<group>"; };
		7378604D284FB84800367015 /* BootcampSwiftUiIUITestsLaunchTests.swift */ = {isa = PBXFileReference; lastKnownFileType = sourcecode.swift; path = BootcampSwiftUiIUITestsLaunchTests.swift; sourceTree = "<group>"; };
		7378605A284FB9FA00367015 /* TextBootcamp-2.swift */ = {isa = PBXFileReference; lastKnownFileType = sourcecode.swift; path = "TextBootcamp-2.swift"; sourceTree = "<group>"; };
		7378605C284FBD0800367015 /* ShapesBootcamp-3.swift */ = {isa = PBXFileReference; lastKnownFileType = sourcecode.swift; path = "ShapesBootcamp-3.swift"; sourceTree = "<group>"; };
		7378605E284FC1A500367015 /* ColorsBootcamp-4.swift */ = {isa = PBXFileReference; lastKnownFileType = sourcecode.swift; path = "ColorsBootcamp-4.swift"; sourceTree = "<group>"; };
		73786060284FC21300367015 /* GradientsBootcamp-5.swift */ = {isa = PBXFileReference; lastKnownFileType = sourcecode.swift; path = "GradientsBootcamp-5.swift"; sourceTree = "<group>"; };
		73786062284FCBDC00367015 /* IconsBootcamp-6.swift */ = {isa = PBXFileReference; lastKnownFileType = sourcecode.swift; path = "IconsBootcamp-6.swift"; sourceTree = "<group>"; };
		73786064284FD00800367015 /* ImageBootcamp-7.swift */ = {isa = PBXFileReference; lastKnownFileType = sourcecode.swift; path = "ImageBootcamp-7.swift"; sourceTree = "<group>"; };
		7378606628518CBF00367015 /* FrameBootcamp-8.swift */ = {isa = PBXFileReference; lastKnownFileType = sourcecode.swift; path = "FrameBootcamp-8.swift"; sourceTree = "<group>"; };
		73AE7ADB2867388600FCEE36 /* ScrollViewBootcamp-15.swift */ = {isa = PBXFileReference; lastKnownFileType = sourcecode.swift; path = "ScrollViewBootcamp-15.swift"; sourceTree = "<group>"; };
		73AE7AE028674E4400FCEE36 /* SpacerBootcamp-12.swift */ = {isa = PBXFileReference; lastKnownFileType = sourcecode.swift; path = "SpacerBootcamp-12.swift"; sourceTree = "<group>"; };
/* End PBXFileReference section */

/* Begin PBXFrameworksBuildPhase section */
		7378602A284FB84600367015 /* Frameworks */ = {
			isa = PBXFrameworksBuildPhase;
			buildActionMask = 2147483647;
			files = (
			);
			runOnlyForDeploymentPostprocessing = 0;
		};
		7378603A284FB84800367015 /* Frameworks */ = {
			isa = PBXFrameworksBuildPhase;
			buildActionMask = 2147483647;
			files = (
			);
			runOnlyForDeploymentPostprocessing = 0;
		};
		73786044284FB84800367015 /* Frameworks */ = {
			isa = PBXFrameworksBuildPhase;
			buildActionMask = 2147483647;
			files = (
			);
			runOnlyForDeploymentPostprocessing = 0;
		};
/* End PBXFrameworksBuildPhase section */

/* Begin PBXGroup section */
		73786024284FB84600367015 = {
			isa = PBXGroup;
			children = (
				7378602F284FB84600367015 /* BootcampSwiftUI */,
				73786040284FB84800367015 /* BootcampSwiftUITests */,
				7378604A284FB84800367015 /* BootcampSwiftUIUITests */,
				7378602E284FB84600367015 /* Products */,
			);
			sourceTree = "<group>";
		};
		7378602E284FB84600367015 /* Products */ = {
			isa = PBXGroup;
			children = (
				7378602D284FB84600367015 /* BootcampSwiftUI.app */,
				7378603D284FB84800367015 /* BootcampSwiftUITests.xctest */,
				73786047284FB84800367015 /* BootcampSwiftUIUITests.xctest */,
			);
			name = Products;
			sourceTree = "<group>";
		};
		7378602F284FB84600367015 /* BootcampSwiftUI */ = {
			isa = PBXGroup;
			children = (
				7378605A284FB9FA00367015 /* TextBootcamp-2.swift */,
				7378605C284FBD0800367015 /* ShapesBootcamp-3.swift */,
				7378605E284FC1A500367015 /* ColorsBootcamp-4.swift */,
				73786060284FC21300367015 /* GradientsBootcamp-5.swift */,
				73786062284FCBDC00367015 /* IconsBootcamp-6.swift */,
				73786064284FD00800367015 /* ImageBootcamp-7.swift */,
				7378606628518CBF00367015 /* FrameBootcamp-8.swift */,
				733414BB285E85CA006E7D0B /* BackgroundAndOverlayBootcamp-9.swift */,
				733414BD285F98A0006E7D0B /* StacksBootcamp-10.swift */,
				733414BF28636786006E7D0B /* PaddingAndSpacerBootcamp-11.swift */,
				73AE7AE028674E4400FCEE36 /* SpacerBootcamp-12.swift */,
				736F60D12952BB2B00E94D06 /* InitializerBootcamp-13.swift */,
				736F60D3295643A300E94D06 /* ForEachBootcamp-14.swift */,
				73AE7ADB2867388600FCEE36 /* ScrollViewBootcamp-15.swift */,
				736F60D529564B1C00E94D06 /* GridBootcamp-16.swift */,
				73786034284FB84800367015 /* Assets.xcassets */,
				73786036284FB84800367015 /* Preview Content */,
			);
			path = BootcampSwiftUI;
			sourceTree = "<group>";
		};
		73786036284FB84800367015 /* Preview Content */ = {
			isa = PBXGroup;
			children = (
				73786030284FB84600367015 /* BootcampSwiftUIApp.swift */,
				73786032284FB84600367015 /* ContentView.swift */,
				73786037284FB84800367015 /* Preview Assets.xcassets */,
			);
			path = "Preview Content";
			sourceTree = "<group>";
		};
		73786040284FB84800367015 /* BootcampSwiftUITests */ = {
			isa = PBXGroup;
			children = (
				73786041284FB84800367015 /* BootcampSwiftUiITests.swift */,
			);
			path = BootcampSwiftUITests;
			sourceTree = "<group>";
		};
		7378604A284FB84800367015 /* BootcampSwiftUIUITests */ = {
			isa = PBXGroup;
			children = (
				7378604B284FB84800367015 /* BootcampSwiftUiIUITests.swift */,
				7378604D284FB84800367015 /* BootcampSwiftUiIUITestsLaunchTests.swift */,
			);
			path = BootcampSwiftUIUITests;
			sourceTree = "<group>";
		};
/* End PBXGroup section */

/* Begin PBXNativeTarget section */
		7378602C284FB84600367015 /* BootcampSwiftUI */ = {
			isa = PBXNativeTarget;
			buildConfigurationList = 73786051284FB84800367015 /* Build configuration list for PBXNativeTarget "BootcampSwiftUI" */;
			buildPhases = (
				73786029284FB84600367015 /* Sources */,
				7378602A284FB84600367015 /* Frameworks */,
				7378602B284FB84600367015 /* Resources */,
			);
			buildRules = (
			);
			dependencies = (
			);
			name = BootcampSwiftUI;
			productName = BootcampSwiftUiI;
			productReference = 7378602D284FB84600367015 /* BootcampSwiftUI.app */;
			productType = "com.apple.product-type.application";
		};
		7378603C284FB84800367015 /* BootcampSwiftUITests */ = {
			isa = PBXNativeTarget;
			buildConfigurationList = 73786054284FB84800367015 /* Build configuration list for PBXNativeTarget "BootcampSwiftUITests" */;
			buildPhases = (
				73786039284FB84800367015 /* Sources */,
				7378603A284FB84800367015 /* Frameworks */,
				7378603B284FB84800367015 /* Resources */,
			);
			buildRules = (
			);
			dependencies = (
				7378603F284FB84800367015 /* PBXTargetDependency */,
			);
			name = BootcampSwiftUITests;
			productName = BootcampSwiftUiITests;
			productReference = 7378603D284FB84800367015 /* BootcampSwiftUITests.xctest */;
			productType = "com.apple.product-type.bundle.unit-test";
		};
		73786046284FB84800367015 /* BootcampSwiftUIUITests */ = {
			isa = PBXNativeTarget;
			buildConfigurationList = 73786057284FB84800367015 /* Build configuration list for PBXNativeTarget "BootcampSwiftUIUITests" */;
			buildPhases = (
				73786043284FB84800367015 /* Sources */,
				73786044284FB84800367015 /* Frameworks */,
				73786045284FB84800367015 /* Resources */,
			);
			buildRules = (
			);
			dependencies = (
				73786049284FB84800367015 /* PBXTargetDependency */,
			);
			name = BootcampSwiftUIUITests;
			productName = BootcampSwiftUiIUITests;
			productReference = 73786047284FB84800367015 /* BootcampSwiftUIUITests.xctest */;
			productType = "com.apple.product-type.bundle.ui-testing";
		};
/* End PBXNativeTarget section */

/* Begin PBXProject section */
		73786025284FB84600367015 /* Project object */ = {
			isa = PBXProject;
			attributes = {
				BuildIndependentTargetsInParallel = 1;
				LastSwiftUpdateCheck = 1340;
				LastUpgradeCheck = 1340;
				TargetAttributes = {
					7378602C284FB84600367015 = {
						CreatedOnToolsVersion = 13.4;
					};
					7378603C284FB84800367015 = {
						CreatedOnToolsVersion = 13.4;
						TestTargetID = 7378602C284FB84600367015;
					};
					73786046284FB84800367015 = {
						CreatedOnToolsVersion = 13.4;
						TestTargetID = 7378602C284FB84600367015;
					};
				};
			};
			buildConfigurationList = 73786028284FB84600367015 /* Build configuration list for PBXProject "BootcampSwiftUI" */;
			compatibilityVersion = "Xcode 13.0";
			developmentRegion = en;
			hasScannedForEncodings = 0;
			knownRegions = (
				en,
				Base,
			);
			mainGroup = 73786024284FB84600367015;
			productRefGroup = 7378602E284FB84600367015 /* Products */;
			projectDirPath = "";
			projectRoot = "";
			targets = (
				7378602C284FB84600367015 /* BootcampSwiftUI */,
				7378603C284FB84800367015 /* BootcampSwiftUITests */,
				73786046284FB84800367015 /* BootcampSwiftUIUITests */,
			);
		};
/* End PBXProject section */

/* Begin PBXResourcesBuildPhase section */
		7378602B284FB84600367015 /* Resources */ = {
			isa = PBXResourcesBuildPhase;
			buildActionMask = 2147483647;
			files = (
				73786038284FB84800367015 /* Preview Assets.xcassets in Resources */,
				73786035284FB84800367015 /* Assets.xcassets in Resources */,
			);
			runOnlyForDeploymentPostprocessing = 0;
		};
		7378603B284FB84800367015 /* Resources */ = {
			isa = PBXResourcesBuildPhase;
			buildActionMask = 2147483647;
			files = (
			);
			runOnlyForDeploymentPostprocessing = 0;
		};
		73786045284FB84800367015 /* Resources */ = {
			isa = PBXResourcesBuildPhase;
			buildActionMask = 2147483647;
			files = (
			);
			runOnlyForDeploymentPostprocessing = 0;
		};
/* End PBXResourcesBuildPhase section */

/* Begin PBXSourcesBuildPhase section */
		73786029284FB84600367015 /* Sources */ = {
			isa = PBXSourcesBuildPhase;
			buildActionMask = 2147483647;
			files = (
				73AE7ADC2867388600FCEE36 /* ScrollViewBootcamp-15.swift in Sources */,
				733414C028636787006E7D0B /* PaddingAndSpacerBootcamp-11.swift in Sources */,
				736F60D4295643A300E94D06 /* ForEachBootcamp-14.swift in Sources */,
				73786061284FC21400367015 /* GradientsBootcamp-5.swift in Sources */,
				733414BC285E85CA006E7D0B /* BackgroundAndOverlayBootcamp-9.swift in Sources */,
				7378605F284FC1A500367015 /* ColorsBootcamp-4.swift in Sources */,
				73AE7AE128674E4400FCEE36 /* SpacerBootcamp-12.swift in Sources */,
				7378606728518CBF00367015 /* FrameBootcamp-8.swift in Sources */,
				7378605D284FBD0800367015 /* ShapesBootcamp-3.swift in Sources */,
				73786033284FB84600367015 /* ContentView.swift in Sources */,
				7378605B284FB9FA00367015 /* TextBootcamp-2.swift in Sources */,
				733414BE285F98A0006E7D0B /* StacksBootcamp-10.swift in Sources */,
				73786031284FB84600367015 /* BootcampSwiftUIApp.swift in Sources */,
				736F60D629564B1C00E94D06 /* GridBootcamp-16.swift in Sources */,
				73786065284FD00800367015 /* ImageBootcamp-7.swift in Sources */,
				73786063284FCBDC00367015 /* IconsBootcamp-6.swift in Sources */,
				736F60D22952BB2B00E94D06 /* InitializerBootcamp-13.swift in Sources */,
			);
			runOnlyForDeploymentPostprocessing = 0;
		};
		73786039284FB84800367015 /* Sources */ = {
			isa = PBXSourcesBuildPhase;
			buildActionMask = 2147483647;
			files = (
				73786042284FB84800367015 /* BootcampSwiftUiITests.swift in Sources */,
			);
			runOnlyForDeploymentPostprocessing = 0;
		};
		73786043284FB84800367015 /* Sources */ = {
			isa = PBXSourcesBuildPhase;
			buildActionMask = 2147483647;
			files = (
				7378604C284FB84800367015 /* BootcampSwiftUiIUITests.swift in Sources */,
				7378604E284FB84800367015 /* BootcampSwiftUiIUITestsLaunchTests.swift in Sources */,
			);
			runOnlyForDeploymentPostprocessing = 0;
		};
/* End PBXSourcesBuildPhase section */

/* Begin PBXTargetDependency section */
		7378603F284FB84800367015 /* PBXTargetDependency */ = {
			isa = PBXTargetDependency;
			target = 7378602C284FB84600367015 /* BootcampSwiftUI */;
			targetProxy = 7378603E284FB84800367015 /* PBXContainerItemProxy */;
		};
		73786049284FB84800367015 /* PBXTargetDependency */ = {
			isa = PBXTargetDependency;
			target = 7378602C284FB84600367015 /* BootcampSwiftUI */;
			targetProxy = 73786048284FB84800367015 /* PBXContainerItemProxy */;
		};
/* End PBXTargetDependency section */

/* Begin XCBuildConfiguration section */
		7378604F284FB84800367015 /* Debug */ = {
			isa = XCBuildConfiguration;
			buildSettings = {
				ALWAYS_SEARCH_USER_PATHS = NO;
				CLANG_ANALYZER_NONNULL = YES;
				CLANG_ANALYZER_NUMBER_OBJECT_CONVERSION = YES_AGGRESSIVE;
				CLANG_CXX_LANGUAGE_STANDARD = "gnu++17";
				CLANG_ENABLE_MODULES = YES;
				CLANG_ENABLE_OBJC_ARC = YES;
				CLANG_ENABLE_OBJC_WEAK = YES;
				CLANG_WARN_BLOCK_CAPTURE_AUTORELEASING = YES;
				CLANG_WARN_BOOL_CONVERSION = YES;
				CLANG_WARN_COMMA = YES;
				CLANG_WARN_CONSTANT_CONVERSION = YES;
				CLANG_WARN_DEPRECATED_OBJC_IMPLEMENTATIONS = YES;
				CLANG_WARN_DIRECT_OBJC_ISA_USAGE = YES_ERROR;
				CLANG_WARN_DOCUMENTATION_COMMENTS = YES;
				CLANG_WARN_EMPTY_BODY = YES;
				CLANG_WARN_ENUM_CONVERSION = YES;
				CLANG_WARN_INFINITE_RECURSION = YES;
				CLANG_WARN_INT_CONVERSION = YES;
				CLANG_WARN_NON_LITERAL_NULL_CONVERSION = YES;
				CLANG_WARN_OBJC_IMPLICIT_RETAIN_SELF = YES;
				CLANG_WARN_OBJC_LITERAL_CONVERSION = YES;
				CLANG_WARN_OBJC_ROOT_CLASS = YES_ERROR;
				CLANG_WARN_QUOTED_INCLUDE_IN_FRAMEWORK_HEADER = YES;
				CLANG_WARN_RANGE_LOOP_ANALYSIS = YES;
				CLANG_WARN_STRICT_PROTOTYPES = YES;
				CLANG_WARN_SUSPICIOUS_MOVE = YES;
				CLANG_WARN_UNGUARDED_AVAILABILITY = YES_AGGRESSIVE;
				CLANG_WARN_UNREACHABLE_CODE = YES;
				CLANG_WARN__DUPLICATE_METHOD_MATCH = YES;
				COPY_PHASE_STRIP = NO;
				DEBUG_INFORMATION_FORMAT = dwarf;
				ENABLE_STRICT_OBJC_MSGSEND = YES;
				ENABLE_TESTABILITY = YES;
				GCC_C_LANGUAGE_STANDARD = gnu11;
				GCC_DYNAMIC_NO_PIC = NO;
				GCC_NO_COMMON_BLOCKS = YES;
				GCC_OPTIMIZATION_LEVEL = 0;
				GCC_PREPROCESSOR_DEFINITIONS = (
					"DEBUG=1",
					"$(inherited)",
				);
				GCC_WARN_64_TO_32_BIT_CONVERSION = YES;
				GCC_WARN_ABOUT_RETURN_TYPE = YES_ERROR;
				GCC_WARN_UNDECLARED_SELECTOR = YES;
				GCC_WARN_UNINITIALIZED_AUTOS = YES_AGGRESSIVE;
				GCC_WARN_UNUSED_FUNCTION = YES;
				GCC_WARN_UNUSED_VARIABLE = YES;
				IPHONEOS_DEPLOYMENT_TARGET = 15.5;
				MTL_ENABLE_DEBUG_INFO = INCLUDE_SOURCE;
				MTL_FAST_MATH = YES;
				ONLY_ACTIVE_ARCH = YES;
				SDKROOT = iphoneos;
				SWIFT_ACTIVE_COMPILATION_CONDITIONS = DEBUG;
				SWIFT_OPTIMIZATION_LEVEL = "-Onone";
			};
			name = Debug;
		};
		73786050284FB84800367015 /* Release */ = {
			isa = XCBuildConfiguration;
			buildSettings = {
				ALWAYS_SEARCH_USER_PATHS = NO;
				CLANG_ANALYZER_NONNULL = YES;
				CLANG_ANALYZER_NUMBER_OBJECT_CONVERSION = YES_AGGRESSIVE;
				CLANG_CXX_LANGUAGE_STANDARD = "gnu++17";
				CLANG_ENABLE_MODULES = YES;
				CLANG_ENABLE_OBJC_ARC = YES;
				CLANG_ENABLE_OBJC_WEAK = YES;
				CLANG_WARN_BLOCK_CAPTURE_AUTORELEASING = YES;
				CLANG_WARN_BOOL_CONVERSION = YES;
				CLANG_WARN_COMMA = YES;
				CLANG_WARN_CONSTANT_CONVERSION = YES;
				CLANG_WARN_DEPRECATED_OBJC_IMPLEMENTATIONS = YES;
				CLANG_WARN_DIRECT_OBJC_ISA_USAGE = YES_ERROR;
				CLANG_WARN_DOCUMENTATION_COMMENTS = YES;
				CLANG_WARN_EMPTY_BODY = YES;
				CLANG_WARN_ENUM_CONVERSION = YES;
				CLANG_WARN_INFINITE_RECURSION = YES;
				CLANG_WARN_INT_CONVERSION = YES;
				CLANG_WARN_NON_LITERAL_NULL_CONVERSION = YES;
				CLANG_WARN_OBJC_IMPLICIT_RETAIN_SELF = YES;
				CLANG_WARN_OBJC_LITERAL_CONVERSION = YES;
				CLANG_WARN_OBJC_ROOT_CLASS = YES_ERROR;
				CLANG_WARN_QUOTED_INCLUDE_IN_FRAMEWORK_HEADER = YES;
				CLANG_WARN_RANGE_LOOP_ANALYSIS = YES;
				CLANG_WARN_STRICT_PROTOTYPES = YES;
				CLANG_WARN_SUSPICIOUS_MOVE = YES;
				CLANG_WARN_UNGUARDED_AVAILABILITY = YES_AGGRESSIVE;
				CLANG_WARN_UNREACHABLE_CODE = YES;
				CLANG_WARN__DUPLICATE_METHOD_MATCH = YES;
				COPY_PHASE_STRIP = NO;
				DEBUG_INFORMATION_FORMAT = "dwarf-with-dsym";
				ENABLE_NS_ASSERTIONS = NO;
				ENABLE_STRICT_OBJC_MSGSEND = YES;
				GCC_C_LANGUAGE_STANDARD = gnu11;
				GCC_NO_COMMON_BLOCKS = YES;
				GCC_WARN_64_TO_32_BIT_CONVERSION = YES;
				GCC_WARN_ABOUT_RETURN_TYPE = YES_ERROR;
				GCC_WARN_UNDECLARED_SELECTOR = YES;
				GCC_WARN_UNINITIALIZED_AUTOS = YES_AGGRESSIVE;
				GCC_WARN_UNUSED_FUNCTION = YES;
				GCC_WARN_UNUSED_VARIABLE = YES;
				IPHONEOS_DEPLOYMENT_TARGET = 15.5;
				MTL_ENABLE_DEBUG_INFO = NO;
				MTL_FAST_MATH = YES;
				SDKROOT = iphoneos;
				SWIFT_COMPILATION_MODE = wholemodule;
				SWIFT_OPTIMIZATION_LEVEL = "-O";
				VALIDATE_PRODUCT = YES;
			};
			name = Release;
		};
		73786052284FB84800367015 /* Debug */ = {
			isa = XCBuildConfiguration;
			buildSettings = {
				ASSETCATALOG_COMPILER_APPICON_NAME = AppIcon;
				ASSETCATALOG_COMPILER_GLOBAL_ACCENT_COLOR_NAME = AccentColor;
				CODE_SIGN_STYLE = Automatic;
				CURRENT_PROJECT_VERSION = 1;
				DEVELOPMENT_ASSET_PATHS = "\"BootcampSwiftUI/Preview Content\"";
				DEVELOPMENT_TEAM = HV79TZ8U2N;
				ENABLE_PREVIEWS = YES;
				GENERATE_INFOPLIST_FILE = YES;
				INFOPLIST_KEY_UIApplicationSceneManifest_Generation = YES;
				INFOPLIST_KEY_UIApplicationSupportsIndirectInputEvents = YES;
				INFOPLIST_KEY_UILaunchScreen_Generation = YES;
				INFOPLIST_KEY_UISupportedInterfaceOrientations_iPad = "UIInterfaceOrientationPortrait UIInterfaceOrientationPortraitUpsideDown UIInterfaceOrientationLandscapeLeft UIInterfaceOrientationLandscapeRight";
				INFOPLIST_KEY_UISupportedInterfaceOrientations_iPhone = "UIInterfaceOrientationPortrait UIInterfaceOrientationLandscapeLeft UIInterfaceOrientationLandscapeRight";
				LD_RUNPATH_SEARCH_PATHS = (
					"$(inherited)",
					"@executable_path/Frameworks",
				);
				MARKETING_VERSION = 1.0;
				PRODUCT_BUNDLE_IDENTIFIER = com.TRosetti.BootcampSwiftUI;
				PRODUCT_NAME = BootcampSwiftUI;
				SWIFT_EMIT_LOC_STRINGS = YES;
				SWIFT_VERSION = 5.0;
				TARGETED_DEVICE_FAMILY = "1,2";
			};
			name = Debug;
		};
		73786053284FB84800367015 /* Release */ = {
			isa = XCBuildConfiguration;
			buildSettings = {
				ASSETCATALOG_COMPILER_APPICON_NAME = AppIcon;
				ASSETCATALOG_COMPILER_GLOBAL_ACCENT_COLOR_NAME = AccentColor;
				CODE_SIGN_STYLE = Automatic;
				CURRENT_PROJECT_VERSION = 1;
				DEVELOPMENT_ASSET_PATHS = "\"BootcampSwiftUI/Preview Content\"";
				DEVELOPMENT_TEAM = HV79TZ8U2N;
				ENABLE_PREVIEWS = YES;
				GENERATE_INFOPLIST_FILE = YES;
				INFOPLIST_KEY_UIApplicationSceneManifest_Generation = YES;
				INFOPLIST_KEY_UIApplicationSupportsIndirectInputEvents = YES;
				INFOPLIST_KEY_UILaunchScreen_Generation = YES;
				INFOPLIST_KEY_UISupportedInterfaceOrientations_iPad = "UIInterfaceOrientationPortrait UIInterfaceOrientationPortraitUpsideDown UIInterfaceOrientationLandscapeLeft UIInterfaceOrientationLandscapeRight";
				INFOPLIST_KEY_UISupportedInterfaceOrientations_iPhone = "UIInterfaceOrientationPortrait UIInterfaceOrientationLandscapeLeft UIInterfaceOrientationLandscapeRight";
				LD_RUNPATH_SEARCH_PATHS = (
					"$(inherited)",
					"@executable_path/Frameworks",
				);
				MARKETING_VERSION = 1.0;
				PRODUCT_BUNDLE_IDENTIFIER = com.TRosetti.BootcampSwiftUI;
				PRODUCT_NAME = BootcampSwiftUI;
				SWIFT_EMIT_LOC_STRINGS = YES;
				SWIFT_VERSION = 5.0;
				TARGETED_DEVICE_FAMILY = "1,2";
			};
			name = Release;
		};
		73786055284FB84800367015 /* Debug */ = {
			isa = XCBuildConfiguration;
			buildSettings = {
				ALWAYS_EMBED_SWIFT_STANDARD_LIBRARIES = YES;
				BUNDLE_LOADER = "$(TEST_HOST)";
				CODE_SIGN_STYLE = Automatic;
				CURRENT_PROJECT_VERSION = 1;
				DEVELOPMENT_TEAM = HV79TZ8U2N;
				GENERATE_INFOPLIST_FILE = YES;
				IPHONEOS_DEPLOYMENT_TARGET = 15.5;
				MARKETING_VERSION = 1.0;
				PRODUCT_BUNDLE_IDENTIFIER = com.TRosetti.BootcampSwiftUiITests;
				PRODUCT_NAME = "$(TARGET_NAME)";
				SWIFT_EMIT_LOC_STRINGS = NO;
				SWIFT_VERSION = 5.0;
				TARGETED_DEVICE_FAMILY = "1,2";
				TEST_HOST = "$(BUILT_PRODUCTS_DIR)/BootcampSwiftUI.app/BootcampSwiftUI";
			};
			name = Debug;
		};
		73786056284FB84800367015 /* Release */ = {
			isa = XCBuildConfiguration;
			buildSettings = {
				ALWAYS_EMBED_SWIFT_STANDARD_LIBRARIES = YES;
				BUNDLE_LOADER = "$(TEST_HOST)";
				CODE_SIGN_STYLE = Automatic;
				CURRENT_PROJECT_VERSION = 1;
				DEVELOPMENT_TEAM = HV79TZ8U2N;
				GENERATE_INFOPLIST_FILE = YES;
				IPHONEOS_DEPLOYMENT_TARGET = 15.5;
				MARKETING_VERSION = 1.0;
				PRODUCT_BUNDLE_IDENTIFIER = com.TRosetti.BootcampSwiftUiITests;
				PRODUCT_NAME = "$(TARGET_NAME)";
				SWIFT_EMIT_LOC_STRINGS = NO;
				SWIFT_VERSION = 5.0;
				TARGETED_DEVICE_FAMILY = "1,2";
				TEST_HOST = "$(BUILT_PRODUCTS_DIR)/BootcampSwiftUI.app/BootcampSwiftUI";
			};
			name = Release;
		};
		73786058284FB84800367015 /* Debug */ = {
			isa = XCBuildConfiguration;
			buildSettings = {
				ALWAYS_EMBED_SWIFT_STANDARD_LIBRARIES = YES;
				CODE_SIGN_STYLE = Automatic;
				CURRENT_PROJECT_VERSION = 1;
				DEVELOPMENT_TEAM = HV79TZ8U2N;
				GENERATE_INFOPLIST_FILE = YES;
				MARKETING_VERSION = 1.0;
				PRODUCT_BUNDLE_IDENTIFIER = com.TRosetti.BootcampSwiftUiIUITests;
				PRODUCT_NAME = "$(TARGET_NAME)";
				SWIFT_EMIT_LOC_STRINGS = NO;
				SWIFT_VERSION = 5.0;
				TARGETED_DEVICE_FAMILY = "1,2";
				TEST_TARGET_NAME = BootcampSwiftUiI;
			};
			name = Debug;
		};
		73786059284FB84800367015 /* Release */ = {
			isa = XCBuildConfiguration;
			buildSettings = {
				ALWAYS_EMBED_SWIFT_STANDARD_LIBRARIES = YES;
				CODE_SIGN_STYLE = Automatic;
				CURRENT_PROJECT_VERSION = 1;
				DEVELOPMENT_TEAM = HV79TZ8U2N;
				GENERATE_INFOPLIST_FILE = YES;
				MARKETING_VERSION = 1.0;
				PRODUCT_BUNDLE_IDENTIFIER = com.TRosetti.BootcampSwiftUiIUITests;
				PRODUCT_NAME = "$(TARGET_NAME)";
				SWIFT_EMIT_LOC_STRINGS = NO;
				SWIFT_VERSION = 5.0;
				TARGETED_DEVICE_FAMILY = "1,2";
				TEST_TARGET_NAME = BootcampSwiftUiI;
			};
			name = Release;
		};
/* End XCBuildConfiguration section */

/* Begin XCConfigurationList section */
		73786028284FB84600367015 /* Build configuration list for PBXProject "BootcampSwiftUI" */ = {
			isa = XCConfigurationList;
			buildConfigurations = (
				7378604F284FB84800367015 /* Debug */,
				73786050284FB84800367015 /* Release */,
			);
			defaultConfigurationIsVisible = 0;
			defaultConfigurationName = Release;
		};
		73786051284FB84800367015 /* Build configuration list for PBXNativeTarget "BootcampSwiftUI" */ = {
			isa = XCConfigurationList;
			buildConfigurations = (
				73786052284FB84800367015 /* Debug */,
				73786053284FB84800367015 /* Release */,
			);
			defaultConfigurationIsVisible = 0;
			defaultConfigurationName = Release;
		};
		73786054284FB84800367015 /* Build configuration list for PBXNativeTarget "BootcampSwiftUITests" */ = {
			isa = XCConfigurationList;
			buildConfigurations = (
				73786055284FB84800367015 /* Debug */,
				73786056284FB84800367015 /* Release */,
			);
			defaultConfigurationIsVisible = 0;
			defaultConfigurationName = Release;
		};
		73786057284FB84800367015 /* Build configuration list for PBXNativeTarget "BootcampSwiftUIUITests" */ = {
			isa = XCConfigurationList;
			buildConfigurations = (
				73786058284FB84800367015 /* Debug */,
				73786059284FB84800367015 /* Release */,
			);
			defaultConfigurationIsVisible = 0;
			defaultConfigurationName = Release;
		};
/* End XCConfigurationList section */
	};
	rootObject = 73786025284FB84600367015 /* Project object */;
}
