// !$*UTF8*$!
{
	archiveVersion = 1;
	classes = {
	};
	objectVersion = 55;
	objects = {

/* Begin PBXBuildFile section */
		7321464528392E1400DD5E30 /* BottomVIew.swift in Sources */ = {isa = PBXBuildFile; fileRef = 7321464428392E1400DD5E30 /* BottomVIew.swift */; };
		73214647283BFC2400DD5E30 /* ShoppingView.swift in Sources */ = {isa = PBXBuildFile; fileRef = 73214646283BFC2400DD5E30 /* ShoppingView.swift */; };
		73214649283C693B00DD5E30 /* DailyView.swift in Sources */ = {isa = PBXBuildFile; fileRef = 73214648283C693B00DD5E30 /* DailyView.swift */; };
		733414B52856CEFB006E7D0B /* StudyView.swift in Sources */ = {isa = PBXBuildFile; fileRef = 733414B42856CEFB006E7D0B /* StudyView.swift */; };
		733414B72856CF1E006E7D0B /* WorkoutView.swift in Sources */ = {isa = PBXBuildFile; fileRef = 733414B62856CF1E006E7D0B /* WorkoutView.swift */; };
		733414B92856CF37006E7D0B /* NewItemView.swift in Sources */ = {isa = PBXBuildFile; fileRef = 733414B82856CF37006E7D0B /* NewItemView.swift */; };
		73BE38A8282F2AFF0033C3DC /* toDoListApp.swift in Sources */ = {isa = PBXBuildFile; fileRef = 73BE38A7282F2AFF0033C3DC /* toDoListApp.swift */; };
		73BE38AC282F2AFF0033C3DC /* Assets.xcassets in Resources */ = {isa = PBXBuildFile; fileRef = 73BE38AB282F2AFF0033C3DC /* Assets.xcassets */; };
		73BE38AF282F2AFF0033C3DC /* Preview Assets.xcassets in Resources */ = {isa = PBXBuildFile; fileRef = 73BE38AE282F2AFF0033C3DC /* Preview Assets.xcassets */; };
		73BE38B7282F2DC10033C3DC /* ListView.swift in Sources */ = {isa = PBXBuildFile; fileRef = 73BE38B6282F2DC10033C3DC /* ListView.swift */; };
		73BE38B9282F35110033C3DC /* ListRowView.swift in Sources */ = {isa = PBXBuildFile; fileRef = 73BE38B8282F35110033C3DC /* ListRowView.swift */; };
		73BE38BB282F3AB30033C3DC /* AddView.swift in Sources */ = {isa = PBXBuildFile; fileRef = 73BE38BA282F3AB30033C3DC /* AddView.swift */; };
		73BE38BD282F3F1F0033C3DC /* Lets.swift in Sources */ = {isa = PBXBuildFile; fileRef = 73BE38BC282F3F1F0033C3DC /* Lets.swift */; };
		73BE38C0282F48660033C3DC /* ItemModel.swift in Sources */ = {isa = PBXBuildFile; fileRef = 73BE38BF282F48660033C3DC /* ItemModel.swift */; };
		73BE38C3283141970033C3DC /* ListViewModel.swift in Sources */ = {isa = PBXBuildFile; fileRef = 73BE38C2283141970033C3DC /* ListViewModel.swift */; };
		73DB326C2838568D0080AFCC /* NoItemsView.swift in Sources */ = {isa = PBXBuildFile; fileRef = 73DB326B2838568D0080AFCC /* NoItemsView.swift */; };
/* End PBXBuildFile section */

/* Begin PBXFileReference section */
		7321464428392E1400DD5E30 /* BottomVIew.swift */ = {isa = PBXFileReference; lastKnownFileType = sourcecode.swift; path = BottomVIew.swift; sourceTree = "<group>"; };
		73214646283BFC2400DD5E30 /* ShoppingView.swift */ = {isa = PBXFileReference; lastKnownFileType = sourcecode.swift; path = ShoppingView.swift; sourceTree = "<group>"; };
		73214648283C693B00DD5E30 /* DailyView.swift */ = {isa = PBXFileReference; lastKnownFileType = sourcecode.swift; path = DailyView.swift; sourceTree = "<group>"; };
		733414B42856CEFB006E7D0B /* StudyView.swift */ = {isa = PBXFileReference; lastKnownFileType = sourcecode.swift; path = StudyView.swift; sourceTree = "<group>"; };
		733414B62856CF1E006E7D0B /* WorkoutView.swift */ = {isa = PBXFileReference; lastKnownFileType = sourcecode.swift; path = WorkoutView.swift; sourceTree = "<group>"; };
		733414B82856CF37006E7D0B /* NewItemView.swift */ = {isa = PBXFileReference; lastKnownFileType = sourcecode.swift; path = NewItemView.swift; sourceTree = "<group>"; };
		73BE38A4282F2AFF0033C3DC /* toDoList.app */ = {isa = PBXFileReference; explicitFileType = wrapper.application; includeInIndex = 0; path = toDoList.app; sourceTree = BUILT_PRODUCTS_DIR; };
		73BE38A7282F2AFF0033C3DC /* toDoListApp.swift */ = {isa = PBXFileReference; lastKnownFileType = sourcecode.swift; path = toDoListApp.swift; sourceTree = "<group>"; };
		73BE38AB282F2AFF0033C3DC /* Assets.xcassets */ = {isa = PBXFileReference; lastKnownFileType = folder.assetcatalog; path = Assets.xcassets; sourceTree = "<group>"; };
		73BE38AE282F2AFF0033C3DC /* Preview Assets.xcassets */ = {isa = PBXFileReference; lastKnownFileType = folder.assetcatalog; path = "Preview Assets.xcassets"; sourceTree = "<group>"; };
		73BE38B6282F2DC10033C3DC /* ListView.swift */ = {isa = PBXFileReference; lastKnownFileType = sourcecode.swift; path = ListView.swift; sourceTree = "<group>"; };
		73BE38B8282F35110033C3DC /* ListRowView.swift */ = {isa = PBXFileReference; lastKnownFileType = sourcecode.swift; path = ListRowView.swift; sourceTree = "<group>"; };
		73BE38BA282F3AB30033C3DC /* AddView.swift */ = {isa = PBXFileReference; lastKnownFileType = sourcecode.swift; path = AddView.swift; sourceTree = "<group>"; };
		73BE38BC282F3F1F0033C3DC /* Lets.swift */ = {isa = PBXFileReference; lastKnownFileType = sourcecode.swift; path = Lets.swift; sourceTree = "<group>"; };
		73BE38BF282F48660033C3DC /* ItemModel.swift */ = {isa = PBXFileReference; lastKnownFileType = sourcecode.swift; path = ItemModel.swift; sourceTree = "<group>"; };
		73BE38C2283141970033C3DC /* ListViewModel.swift */ = {isa = PBXFileReference; lastKnownFileType = sourcecode.swift; path = ListViewModel.swift; sourceTree = "<group>"; };
		73DB326B2838568D0080AFCC /* NoItemsView.swift */ = {isa = PBXFileReference; lastKnownFileType = sourcecode.swift; path = NoItemsView.swift; sourceTree = "<group>"; };
/* End PBXFileReference section */

/* Begin PBXFrameworksBuildPhase section */
		73BE38A1282F2AFE0033C3DC /* Frameworks */ = {
			isa = PBXFrameworksBuildPhase;
			buildActionMask = 2147483647;
			files = (
			);
			runOnlyForDeploymentPostprocessing = 0;
		};
/* End PBXFrameworksBuildPhase section */

/* Begin PBXGroup section */
		73BE389B282F2AFE0033C3DC = {
			isa = PBXGroup;
			children = (
				73BE38A6282F2AFF0033C3DC /* toDoList */,
				73BE38A5282F2AFF0033C3DC /* Products */,
			);
			sourceTree = "<group>";
		};
		73BE38A5282F2AFF0033C3DC /* Products */ = {
			isa = PBXGroup;
			children = (
				73BE38A4282F2AFF0033C3DC /* toDoList.app */,
			);
			name = Products;
			sourceTree = "<group>";
		};
		73BE38A6282F2AFF0033C3DC /* toDoList */ = {
			isa = PBXGroup;
			children = (
				73BE38A7282F2AFF0033C3DC /* toDoListApp.swift */,
				73BE38BE282F48330033C3DC /* Models */,
				73BE38C1283141140033C3DC /* ViewModels */,
				73BE38B5282F2D910033C3DC /* Views */,
				73BE38AB282F2AFF0033C3DC /* Assets.xcassets */,
				73BE38AD282F2AFF0033C3DC /* Preview Content */,
				73BE38BC282F3F1F0033C3DC /* Lets.swift */,
			);
			path = toDoList;
			sourceTree = "<group>";
		};
		73BE38AD282F2AFF0033C3DC /* Preview Content */ = {
			isa = PBXGroup;
			children = (
				73BE38AE282F2AFF0033C3DC /* Preview Assets.xcassets */,
			);
			path = "Preview Content";
			sourceTree = "<group>";
		};
		73BE38B5282F2D910033C3DC /* Views */ = {
			isa = PBXGroup;
			children = (
				73BE38B6282F2DC10033C3DC /* ListView.swift */,
				73BE38B8282F35110033C3DC /* ListRowView.swift */,
				73BE38BA282F3AB30033C3DC /* AddView.swift */,
				73DB326B2838568D0080AFCC /* NoItemsView.swift */,
				7321464428392E1400DD5E30 /* BottomVIew.swift */,
				73214646283BFC2400DD5E30 /* ShoppingView.swift */,
				73214648283C693B00DD5E30 /* DailyView.swift */,
				733414B42856CEFB006E7D0B /* StudyView.swift */,
				733414B62856CF1E006E7D0B /* WorkoutView.swift */,
				733414B82856CF37006E7D0B /* NewItemView.swift */,
			);
			path = Views;
			sourceTree = "<group>";
		};
		73BE38BE282F48330033C3DC /* Models */ = {
			isa = PBXGroup;
			children = (
				73BE38BF282F48660033C3DC /* ItemModel.swift */,
			);
			path = Models;
			sourceTree = "<group>";
		};
		73BE38C1283141140033C3DC /* ViewModels */ = {
			isa = PBXGroup;
			children = (
				73BE38C2283141970033C3DC /* ListViewModel.swift */,
			);
			path = ViewModels;
			sourceTree = "<group>";
		};
/* End PBXGroup section */

/* Begin PBXNativeTarget section */
		73BE38A3282F2AFE0033C3DC /* toDoList */ = {
			isa = PBXNativeTarget;
			buildConfigurationList = 73BE38B2282F2AFF0033C3DC /* Build configuration list for PBXNativeTarget "toDoList" */;
			buildPhases = (
				73BE38A0282F2AFE0033C3DC /* Sources */,
				73BE38A1282F2AFE0033C3DC /* Frameworks */,
				73BE38A2282F2AFE0033C3DC /* Resources */,
			);
			buildRules = (
			);
			dependencies = (
			);
			name = toDoList;
			productName = toDoList;
			productReference = 73BE38A4282F2AFF0033C3DC /* toDoList.app */;
			productType = "com.apple.product-type.application";
		};
/* End PBXNativeTarget section */

/* Begin PBXProject section */
		73BE389C282F2AFE0033C3DC /* Project object */ = {
			isa = PBXProject;
			attributes = {
				BuildIndependentTargetsInParallel = 1;
				LastSwiftUpdateCheck = 1330;
				LastUpgradeCheck = 1330;
				TargetAttributes = {
					73BE38A3282F2AFE0033C3DC = {
						CreatedOnToolsVersion = 13.3.1;
					};
				};
			};
			buildConfigurationList = 73BE389F282F2AFE0033C3DC /* Build configuration list for PBXProject "toDoList" */;
			compatibilityVersion = "Xcode 13.0";
			developmentRegion = en;
			hasScannedForEncodings = 0;
			knownRegions = (
				en,
				Base,
			);
			mainGroup = 73BE389B282F2AFE0033C3DC;
			productRefGroup = 73BE38A5282F2AFF0033C3DC /* Products */;
			projectDirPath = "";
			projectRoot = "";
			targets = (
				73BE38A3282F2AFE0033C3DC /* toDoList */,
			);
		};
/* End PBXProject section */

/* Begin PBXResourcesBuildPhase section */
		73BE38A2282F2AFE0033C3DC /* Resources */ = {
			isa = PBXResourcesBuildPhase;
			buildActionMask = 2147483647;
			files = (
				73BE38AF282F2AFF0033C3DC /* Preview Assets.xcassets in Resources */,
				73BE38AC282F2AFF0033C3DC /* Assets.xcassets in Resources */,
			);
			runOnlyForDeploymentPostprocessing = 0;
		};
/* End PBXResourcesBuildPhase section */

/* Begin PBXSourcesBuildPhase section */
		73BE38A0282F2AFE0033C3DC /* Sources */ = {
			isa = PBXSourcesBuildPhase;
			buildActionMask = 2147483647;
			files = (
				73214647283BFC2400DD5E30 /* ShoppingView.swift in Sources */,
				73BE38C0282F48660033C3DC /* ItemModel.swift in Sources */,
				733414B92856CF37006E7D0B /* NewItemView.swift in Sources */,
				733414B72856CF1E006E7D0B /* WorkoutView.swift in Sources */,
				73214649283C693B00DD5E30 /* DailyView.swift in Sources */,
				73BE38BB282F3AB30033C3DC /* AddView.swift in Sources */,
				73BE38C3283141970033C3DC /* ListViewModel.swift in Sources */,
				73BE38A8282F2AFF0033C3DC /* toDoListApp.swift in Sources */,
				73BE38B7282F2DC10033C3DC /* ListView.swift in Sources */,
				73BE38BD282F3F1F0033C3DC /* Lets.swift in Sources */,
				73DB326C2838568D0080AFCC /* NoItemsView.swift in Sources */,
				73BE38B9282F35110033C3DC /* ListRowView.swift in Sources */,
				733414B52856CEFB006E7D0B /* StudyView.swift in Sources */,
				7321464528392E1400DD5E30 /* BottomVIew.swift in Sources */,
			);
			runOnlyForDeploymentPostprocessing = 0;
		};
/* End PBXSourcesBuildPhase section */

/* Begin XCBuildConfiguration section */
		73BE38B0282F2AFF0033C3DC /* Debug */ = {
			isa = XCBuildConfiguration;
			buildSettings = {
				ALWAYS_SEARCH_USER_PATHS = NO;
				CLANG_ANALYZER_NONNULL = YES;
				CLANG_ANALYZER_NUMBER_OBJECT_CONVERSION = YES_AGGRESSIVE;
				CLANG_CXX_LANGUAGE_STANDARD = "gnu++17";
				CLANG_ENABLE_MODULES = YES;
				CLANG_ENABLE_OBJC_ARC = YES;
				CLANG_ENABLE_OBJC_WEAK = YES;
				CLANG_WARN_BLOCK_CAPTURE_AUTORELEASING = YES;
				CLANG_WARN_BOOL_CONVERSION = YES;
				CLANG_WARN_COMMA = YES;
				CLANG_WARN_CONSTANT_CONVERSION = YES;
				CLANG_WARN_DEPRECATED_OBJC_IMPLEMENTATIONS = YES;
				CLANG_WARN_DIRECT_OBJC_ISA_USAGE = YES_ERROR;
				CLANG_WARN_DOCUMENTATION_COMMENTS = YES;
				CLANG_WARN_EMPTY_BODY = YES;
				CLANG_WARN_ENUM_CONVERSION = YES;
				CLANG_WARN_INFINITE_RECURSION = YES;
				CLANG_WARN_INT_CONVERSION = YES;
				CLANG_WARN_NON_LITERAL_NULL_CONVERSION = YES;
				CLANG_WARN_OBJC_IMPLICIT_RETAIN_SELF = YES;
				CLANG_WARN_OBJC_LITERAL_CONVERSION = YES;
				CLANG_WARN_OBJC_ROOT_CLASS = YES_ERROR;
				CLANG_WARN_QUOTED_INCLUDE_IN_FRAMEWORK_HEADER = YES;
				CLANG_WARN_RANGE_LOOP_ANALYSIS = YES;
				CLANG_WARN_STRICT_PROTOTYPES = YES;
				CLANG_WARN_SUSPICIOUS_MOVE = YES;
				CLANG_WARN_UNGUARDED_AVAILABILITY = YES_AGGRESSIVE;
				CLANG_WARN_UNREACHABLE_CODE = YES;
				CLANG_WARN__DUPLICATE_METHOD_MATCH = YES;
				COPY_PHASE_STRIP = NO;
				DEBUG_INFORMATION_FORMAT = dwarf;
				ENABLE_STRICT_OBJC_MSGSEND = YES;
				ENABLE_TESTABILITY = YES;
				GCC_C_LANGUAGE_STANDARD = gnu11;
				GCC_DYNAMIC_NO_PIC = NO;
				GCC_NO_COMMON_BLOCKS = YES;
				GCC_OPTIMIZATION_LEVEL = 0;
				GCC_PREPROCESSOR_DEFINITIONS = (
					"DEBUG=1",
					"$(inherited)",
				);
				GCC_WARN_64_TO_32_BIT_CONVERSION = YES;
				GCC_WARN_ABOUT_RETURN_TYPE = YES_ERROR;
				GCC_WARN_UNDECLARED_SELECTOR = YES;
				GCC_WARN_UNINITIALIZED_AUTOS = YES_AGGRESSIVE;
				GCC_WARN_UNUSED_FUNCTION = YES;
				GCC_WARN_UNUSED_VARIABLE = YES;
				IPHONEOS_DEPLOYMENT_TARGET = 15.4;
				MTL_ENABLE_DEBUG_INFO = INCLUDE_SOURCE;
				MTL_FAST_MATH = YES;
				ONLY_ACTIVE_ARCH = YES;
				SDKROOT = iphoneos;
				SWIFT_ACTIVE_COMPILATION_CONDITIONS = DEBUG;
				SWIFT_OPTIMIZATION_LEVEL = "-Onone";
			};
			name = Debug;
		};
		73BE38B1282F2AFF0033C3DC /* Release */ = {
			isa = XCBuildConfiguration;
			buildSettings = {
				ALWAYS_SEARCH_USER_PATHS = NO;
				CLANG_ANALYZER_NONNULL = YES;
				CLANG_ANALYZER_NUMBER_OBJECT_CONVERSION = YES_AGGRESSIVE;
				CLANG_CXX_LANGUAGE_STANDARD = "gnu++17";
				CLANG_ENABLE_MODULES = YES;
				CLANG_ENABLE_OBJC_ARC = YES;
				CLANG_ENABLE_OBJC_WEAK = YES;
				CLANG_WARN_BLOCK_CAPTURE_AUTORELEASING = YES;
				CLANG_WARN_BOOL_CONVERSION = YES;
				CLANG_WARN_COMMA = YES;
				CLANG_WARN_CONSTANT_CONVERSION = YES;
				CLANG_WARN_DEPRECATED_OBJC_IMPLEMENTATIONS = YES;
				CLANG_WARN_DIRECT_OBJC_ISA_USAGE = YES_ERROR;
				CLANG_WARN_DOCUMENTATION_COMMENTS = YES;
				CLANG_WARN_EMPTY_BODY = YES;
				CLANG_WARN_ENUM_CONVERSION = YES;
				CLANG_WARN_INFINITE_RECURSION = YES;
				CLANG_WARN_INT_CONVERSION = YES;
				CLANG_WARN_NON_LITERAL_NULL_CONVERSION = YES;
				CLANG_WARN_OBJC_IMPLICIT_RETAIN_SELF = YES;
				CLANG_WARN_OBJC_LITERAL_CONVERSION = YES;
				CLANG_WARN_OBJC_ROOT_CLASS = YES_ERROR;
				CLANG_WARN_QUOTED_INCLUDE_IN_FRAMEWORK_HEADER = YES;
				CLANG_WARN_RANGE_LOOP_ANALYSIS = YES;
				CLANG_WARN_STRICT_PROTOTYPES = YES;
				CLANG_WARN_SUSPICIOUS_MOVE = YES;
				CLANG_WARN_UNGUARDED_AVAILABILITY = YES_AGGRESSIVE;
				CLANG_WARN_UNREACHABLE_CODE = YES;
				CLANG_WARN__DUPLICATE_METHOD_MATCH = YES;
				COPY_PHASE_STRIP = NO;
				DEBUG_INFORMATION_FORMAT = "dwarf-with-dsym";
				ENABLE_NS_ASSERTIONS = NO;
				ENABLE_STRICT_OBJC_MSGSEND = YES;
				GCC_C_LANGUAGE_STANDARD = gnu11;
				GCC_NO_COMMON_BLOCKS = YES;
				GCC_WARN_64_TO_32_BIT_CONVERSION = YES;
				GCC_WARN_ABOUT_RETURN_TYPE = YES_ERROR;
				GCC_WARN_UNDECLARED_SELECTOR = YES;
				GCC_WARN_UNINITIALIZED_AUTOS = YES_AGGRESSIVE;
				GCC_WARN_UNUSED_FUNCTION = YES;
				GCC_WARN_UNUSED_VARIABLE = YES;
				IPHONEOS_DEPLOYMENT_TARGET = 15.4;
				MTL_ENABLE_DEBUG_INFO = NO;
				MTL_FAST_MATH = YES;
				SDKROOT = iphoneos;
				SWIFT_COMPILATION_MODE = wholemodule;
				SWIFT_OPTIMIZATION_LEVEL = "-O";
				VALIDATE_PRODUCT = YES;
			};
			name = Release;
		};
		73BE38B3282F2AFF0033C3DC /* Debug */ = {
			isa = XCBuildConfiguration;
			buildSettings = {
				ASSETCATALOG_COMPILER_APPICON_NAME = AppIcon;
				ASSETCATALOG_COMPILER_GLOBAL_ACCENT_COLOR_NAME = AccentColor;
				CODE_SIGN_STYLE = Automatic;
				CURRENT_PROJECT_VERSION = 1;
				DEVELOPMENT_ASSET_PATHS = "\"toDoList/Preview Content\"";
				DEVELOPMENT_TEAM = HV79TZ8U2N;
				ENABLE_PREVIEWS = YES;
				GENERATE_INFOPLIST_FILE = YES;
				INFOPLIST_KEY_UIApplicationSceneManifest_Generation = YES;
				INFOPLIST_KEY_UIApplicationSupportsIndirectInputEvents = YES;
				INFOPLIST_KEY_UILaunchScreen_Generation = YES;
				INFOPLIST_KEY_UISupportedInterfaceOrientations_iPad = "UIInterfaceOrientationPortrait UIInterfaceOrientationPortraitUpsideDown UIInterfaceOrientationLandscapeLeft UIInterfaceOrientationLandscapeRight";
				INFOPLIST_KEY_UISupportedInterfaceOrientations_iPhone = "UIInterfaceOrientationPortrait UIInterfaceOrientationLandscapeLeft UIInterfaceOrientationLandscapeRight";
				LD_RUNPATH_SEARCH_PATHS = (
					"$(inherited)",
					"@executable_path/Frameworks",
				);
				MARKETING_VERSION = 1.0;
				PRODUCT_BUNDLE_IDENTIFIER = com.Rosetti.toDoList;
				PRODUCT_NAME = "$(TARGET_NAME)";
				SWIFT_EMIT_LOC_STRINGS = YES;
				SWIFT_VERSION = 5.0;
				TARGETED_DEVICE_FAMILY = "1,2";
			};
			name = Debug;
		};
		73BE38B4282F2AFF0033C3DC /* Release */ = {
			isa = XCBuildConfiguration;
			buildSettings = {
				ASSETCATALOG_COMPILER_APPICON_NAME = AppIcon;
				ASSETCATALOG_COMPILER_GLOBAL_ACCENT_COLOR_NAME = AccentColor;
				CODE_SIGN_STYLE = Automatic;
				CURRENT_PROJECT_VERSION = 1;
				DEVELOPMENT_ASSET_PATHS = "\"toDoList/Preview Content\"";
				DEVELOPMENT_TEAM = HV79TZ8U2N;
				ENABLE_PREVIEWS = YES;
				GENERATE_INFOPLIST_FILE = YES;
				INFOPLIST_KEY_UIApplicationSceneManifest_Generation = YES;
				INFOPLIST_KEY_UIApplicationSupportsIndirectInputEvents = YES;
				INFOPLIST_KEY_UILaunchScreen_Generation = YES;
				INFOPLIST_KEY_UISupportedInterfaceOrientations_iPad = "UIInterfaceOrientationPortrait UIInterfaceOrientationPortraitUpsideDown UIInterfaceOrientationLandscapeLeft UIInterfaceOrientationLandscapeRight";
				INFOPLIST_KEY_UISupportedInterfaceOrientations_iPhone = "UIInterfaceOrientationPortrait UIInterfaceOrientationLandscapeLeft UIInterfaceOrientationLandscapeRight";
				LD_RUNPATH_SEARCH_PATHS = (
					"$(inherited)",
					"@executable_path/Frameworks",
				);
				MARKETING_VERSION = 1.0;
				PRODUCT_BUNDLE_IDENTIFIER = com.Rosetti.toDoList;
				PRODUCT_NAME = "$(TARGET_NAME)";
				SWIFT_EMIT_LOC_STRINGS = YES;
				SWIFT_VERSION = 5.0;
				TARGETED_DEVICE_FAMILY = "1,2";
			};
			name = Release;
		};
/* End XCBuildConfiguration section */

/* Begin XCConfigurationList section */
		73BE389F282F2AFE0033C3DC /* Build configuration list for PBXProject "toDoList" */ = {
			isa = XCConfigurationList;
			buildConfigurations = (
				73BE38B0282F2AFF0033C3DC /* Debug */,
				73BE38B1282F2AFF0033C3DC /* Release */,
			);
			defaultConfigurationIsVisible = 0;
			defaultConfigurationName = Release;
		};
		73BE38B2282F2AFF0033C3DC /* Build configuration list for PBXNativeTarget "toDoList" */ = {
			isa = XCConfigurationList;
			buildConfigurations = (
				73BE38B3282F2AFF0033C3DC /* Debug */,
				73BE38B4282F2AFF0033C3DC /* Release */,
			);
			defaultConfigurationIsVisible = 0;
			defaultConfigurationName = Release;
		};
/* End XCConfigurationList section */
	};
	rootObject = 73BE389C282F2AFE0033C3DC /* Project object */;
}
